
Microsoft Visual Studio Solution File, Format Version 12.00
# Visual Studio Version 17
VisualStudioVersion = 17.11.35303.130
MinimumVisualStudioVersion = 10.0.40219.1
Project("{2150E333-8FDC-42A3-9474-1A3956D46DE8}") = "Task0", "Task0", "{76DEDB61-B38A-42D6-BFD4-9F1418CDABBA}"
EndProject
Project("{9A19103F-16F7-4668-BE54-9A1E7A4F7556}") = "Tyuiu.FrankoVA.Sprint1.Task0.V7", "Tyuiu.FrankoVA.Sprint1.Task0.V7\Tyuiu.FrankoVA.Sprint1.Task0.V7.csproj", "{F572D795-1963-4906-AEA6-7199B5581517}"
EndProject
Project("{9A19103F-16F7-4668-BE54-9A1E7A4F7556}") = "Tyuiu.FrankoVA.Sprint1.Task0.V7.Lib", "Tyuiu.FrankoVA.Sprint1.Task0.V7.Lib\Tyuiu.FrankoVA.Sprint1.Task0.V7.Lib.csproj", "{41A64AAD-EA58-48B5-AF3D-608CD11B14EF}"
EndProject
Project("{9A19103F-16F7-4668-BE54-9A1E7A4F7556}") = "Tyuiu.FrankoVA.Sprint1.Task0.V7.Test", "Tyuiu.FrankoVA.Sprint1.Task0.V7.Test\Tyuiu.FrankoVA.Sprint1.Task0.V7.Test.csproj", "{3441D01F-2D76-43FF-A8FB-95706391A3E2}"
EndProject
Project("{2150E333-8FDC-42A3-9474-1A3956D46DE8}") = "Task1", "Task1", "{9FEC17D0-4A1B-4B1B-BA20-A0505A6939F1}"
EndProject
Project("{9A19103F-16F7-4668-BE54-9A1E7A4F7556}") = "Tyuiu.FrankoVA.Sprint1.Task1.V3", "Tyuiu.FrankoVA.Sprint1.Task1.V3\Tyuiu.FrankoVA.Sprint1.Task1.V3.csproj", "{FB3B8F8A-A89D-4D68-B623-578D55B72BE5}"
EndProject
Project("{9A19103F-16F7-4668-BE54-9A1E7A4F7556}") = "Tyuiu.FrankoVA.Sprint1.Task1.V3.Lib", "Tyuiu.FrankoVA.Sprint1.Task1.V3.Lib\Tyuiu.FrankoVA.Sprint1.Task1.V3.Lib.csproj", "{B82BD5D6-944E-4C59-BCD4-35494171F14D}"
EndProject
Project("{9A19103F-16F7-4668-BE54-9A1E7A4F7556}") = "Tyuiu.FrankoVA.Sprint1.Task1.V3.Test", "Tyuiu.FrankoVA.Sprint1.Task1.V3.Test\Tyuiu.FrankoVA.Sprint1.Task1.V3.Test.csproj", "{376C1981-5C99-4AFD-8AB4-23185FA29F75}"
EndProject
Project("{2150E333-8FDC-42A3-9474-1A3956D46DE8}") = "Task2", "Task2", "{D19FE28C-B601-485C-A5ED-A66AA25C3341}"
EndProject
Project("{FAE04EC0-301F-11D3-BF4B-00C04F79EFBC}") = "Tyuiu.FrankoVA.Sprint1.Task2.V8", "Tyuiu.FrankoVA.Sprint1.Task2.V8\Tyuiu.FrankoVA.Sprint1.Task2.V8.csproj", "{6256B441-AD19-4CBA-AC08-290130C8BF39}"
EndProject
Project("{FAE04EC0-301F-11D3-BF4B-00C04F79EFBC}") = "Tyuiu.FrankoVA.Sprint1.Task2.V8.Test", "Tyuiu.FrankoVA.Sprint1.Task2.V8.Test\Tyuiu.FrankoVA.Sprint1.Task2.V8.Test.csproj", "{98D476FE-8D2B-4AF1-A1F7-F61B6878EF8B}"
EndProject
Project("{FAE04EC0-301F-11D3-BF4B-00C04F79EFBC}") = "Tyuiu.FrankoVA.Sprint1.Task2.V8.Lib", "Tyuiu.FrankoVA.Sprint1.Task2.V8.Lib\Tyuiu.FrankoVA.Sprint1.Task2.V8.Lib.csproj", "{097D15DD-039A-47F1-8224-AE8700E82D1B}"
EndProject
Project("{2150E333-8FDC-42A3-9474-1A3956D46DE8}") = "Task3", "Task3", "{E41A184E-75CB-4DF0-ABCD-8774CFBDF9E3}"
EndProject
Project("{FAE04EC0-301F-11D3-BF4B-00C04F79EFBC}") = "Tyuiu.FrankoVA.Sprint1.Task3.V12", "Tyuiu.FrankoVA.Sprint1.Task3.V12\Tyuiu.FrankoVA.Sprint1.Task3.V12.csproj", "{AB37F444-82DB-4222-9A80-4AB68C660C85}"
EndProject
Project("{FAE04EC0-301F-11D3-BF4B-00C04F79EFBC}") = "Tyuiu.FrankoVA.Sprint1.Task3.V12.Lib", "Tyuiu.FrankoVA.Sprint1.Task3.V12.Lib\Tyuiu.FrankoVA.Sprint1.Task3.V12.Lib.csproj", "{D34BAEF4-EEAE-4BC5-BA4D-4E69C0B891A0}"
EndProject
Project("{FAE04EC0-301F-11D3-BF4B-00C04F79EFBC}") = "Tyuiu.FrankoVA.Sprint1.Task3.V12.Test", "Tyuiu.FrankoVA.Sprint1.Task3.V12.Test\Tyuiu.FrankoVA.Sprint1.Task3.V12.Test.csproj", "{CF33FBE3-5B4C-4E5E-BC75-A762041279C6}"
EndProject
Project("{2150E333-8FDC-42A3-9474-1A3956D46DE8}") = "Task4", "Task4", "{A9781EEE-B26A-4F8B-B37D-AA3D63BCCCCF}"
EndProject
Project("{FAE04EC0-301F-11D3-BF4B-00C04F79EFBC}") = "Tyuiu.FrankoVA.Sprint1.Task4.V20", "Tyuiu.FrankoVA.Sprint1.Task4.V20\Tyuiu.FrankoVA.Sprint1.Task4.V20.csproj", "{EA91F57B-7D2B-41BB-916A-90115A8D523F}"
EndProject
Project("{FAE04EC0-301F-11D3-BF4B-00C04F79EFBC}") = "Tyuiu.FrankoVA.Sprint1.Task4.V20.Test", "Tyuiu.FrankoVA.Sprint1.Task4.V20.Test\Tyuiu.FrankoVA.Sprint1.Task4.V20.Test.csproj", "{4788F13C-B2BC-4E19-AA52-2361D3F22B13}"
EndProject
Project("{FAE04EC0-301F-11D3-BF4B-00C04F79EFBC}") = "Tyuiu.FrankoVA.Sprint1.Task4.V20.Lib", "Tyuiu.FrankoVA.Sprint1.Task4.V20.Lib\Tyuiu.FrankoVA.Sprint1.Task4.V20.Lib.csproj", "{50B9AE1F-5825-49F5-8DC0-1A10FE87DDA1}"
EndProject
Global
	GlobalSection(SolutionConfigurationPlatforms) = preSolution
		Debug|Any CPU = Debug|Any CPU
		Release|Any CPU = Release|Any CPU
	EndGlobalSection
	GlobalSection(ProjectConfigurationPlatforms) = postSolution
		{F572D795-1963-4906-AEA6-7199B5581517}.Debug|Any CPU.ActiveCfg = Debug|Any CPU
		{F572D795-1963-4906-AEA6-7199B5581517}.Debug|Any CPU.Build.0 = Debug|Any CPU
		{F572D795-1963-4906-AEA6-7199B5581517}.Release|Any CPU.ActiveCfg = Release|Any CPU
		{F572D795-1963-4906-AEA6-7199B5581517}.Release|Any CPU.Build.0 = Release|Any CPU
		{41A64AAD-EA58-48B5-AF3D-608CD11B14EF}.Debug|Any CPU.ActiveCfg = Debug|Any CPU
		{41A64AAD-EA58-48B5-AF3D-608CD11B14EF}.Debug|Any CPU.Build.0 = Debug|Any CPU
		{41A64AAD-EA58-48B5-AF3D-608CD11B14EF}.Release|Any CPU.ActiveCfg = Release|Any CPU
		{41A64AAD-EA58-48B5-AF3D-608CD11B14EF}.Release|Any CPU.Build.0 = Release|Any CPU
		{3441D01F-2D76-43FF-A8FB-95706391A3E2}.Debug|Any CPU.ActiveCfg = Debug|Any CPU
		{3441D01F-2D76-43FF-A8FB-95706391A3E2}.Debug|Any CPU.Build.0 = Debug|Any CPU
		{3441D01F-2D76-43FF-A8FB-95706391A3E2}.Release|Any CPU.ActiveCfg = Release|Any CPU
		{3441D01F-2D76-43FF-A8FB-95706391A3E2}.Release|Any CPU.Build.0 = Release|Any CPU
		{FB3B8F8A-A89D-4D68-B623-578D55B72BE5}.Debug|Any CPU.ActiveCfg = Debug|Any CPU
		{FB3B8F8A-A89D-4D68-B623-578D55B72BE5}.Debug|Any CPU.Build.0 = Debug|Any CPU
		{FB3B8F8A-A89D-4D68-B623-578D55B72BE5}.Release|Any CPU.ActiveCfg = Release|Any CPU
		{FB3B8F8A-A89D-4D68-B623-578D55B72BE5}.Release|Any CPU.Build.0 = Release|Any CPU
		{B82BD5D6-944E-4C59-BCD4-35494171F14D}.Debug|Any CPU.ActiveCfg = Debug|Any CPU
		{B82BD5D6-944E-4C59-BCD4-35494171F14D}.Debug|Any CPU.Build.0 = Debug|Any CPU
		{B82BD5D6-944E-4C59-BCD4-35494171F14D}.Release|Any CPU.ActiveCfg = Release|Any CPU
		{B82BD5D6-944E-4C59-BCD4-35494171F14D}.Release|Any CPU.Build.0 = Release|Any CPU
		{376C1981-5C99-4AFD-8AB4-23185FA29F75}.Debug|Any CPU.ActiveCfg = Debug|Any CPU
		{376C1981-5C99-4AFD-8AB4-23185FA29F75}.Debug|Any CPU.Build.0 = Debug|Any CPU
		{376C1981-5C99-4AFD-8AB4-23185FA29F75}.Release|Any CPU.ActiveCfg = Release|Any CPU
		{376C1981-5C99-4AFD-8AB4-23185FA29F75}.Release|Any CPU.Build.0 = Release|Any CPU
		{6256B441-AD19-4CBA-AC08-290130C8BF39}.Debug|Any CPU.ActiveCfg = Debug|Any CPU
		{6256B441-AD19-4CBA-AC08-290130C8BF39}.Debug|Any CPU.Build.0 = Debug|Any CPU
		{6256B441-AD19-4CBA-AC08-290130C8BF39}.Release|Any CPU.ActiveCfg = Release|Any CPU
		{6256B441-AD19-4CBA-AC08-290130C8BF39}.Release|Any CPU.Build.0 = Release|Any CPU
		{98D476FE-8D2B-4AF1-A1F7-F61B6878EF8B}.Debug|Any CPU.ActiveCfg = Debug|Any CPU
		{98D476FE-8D2B-4AF1-A1F7-F61B6878EF8B}.Debug|Any CPU.Build.0 = Debug|Any CPU
		{98D476FE-8D2B-4AF1-A1F7-F61B6878EF8B}.Release|Any CPU.ActiveCfg = Release|Any CPU
		{98D476FE-8D2B-4AF1-A1F7-F61B6878EF8B}.Release|Any CPU.Build.0 = Release|Any CPU
		{097D15DD-039A-47F1-8224-AE8700E82D1B}.Debug|Any CPU.ActiveCfg = Debug|Any CPU
		{097D15DD-039A-47F1-8224-AE8700E82D1B}.Debug|Any CPU.Build.0 = Debug|Any CPU
		{097D15DD-039A-47F1-8224-AE8700E82D1B}.Release|Any CPU.ActiveCfg = Release|Any CPU
		{097D15DD-039A-47F1-8224-AE8700E82D1B}.Release|Any CPU.Build.0 = Release|Any CPU
		{AB37F444-82DB-4222-9A80-4AB68C660C85}.Debug|Any CPU.ActiveCfg = Debug|Any CPU
		{AB37F444-82DB-4222-9A80-4AB68C660C85}.Debug|Any CPU.Build.0 = Debug|Any CPU
		{AB37F444-82DB-4222-9A80-4AB68C660C85}.Release|Any CPU.ActiveCfg = Release|Any CPU
		{AB37F444-82DB-4222-9A80-4AB68C660C85}.Release|Any CPU.Build.0 = Release|Any CPU
		{D34BAEF4-EEAE-4BC5-BA4D-4E69C0B891A0}.Debug|Any CPU.ActiveCfg = Debug|Any CPU
		{D34BAEF4-EEAE-4BC5-BA4D-4E69C0B891A0}.Debug|Any CPU.Build.0 = Debug|Any CPU
		{D34BAEF4-EEAE-4BC5-BA4D-4E69C0B891A0}.Release|Any CPU.ActiveCfg = Release|Any CPU
		{D34BAEF4-EEAE-4BC5-BA4D-4E69C0B891A0}.Release|Any CPU.Build.0 = Release|Any CPU
		{CF33FBE3-5B4C-4E5E-BC75-A762041279C6}.Debug|Any CPU.ActiveCfg = Debug|Any CPU
		{CF33FBE3-5B4C-4E5E-BC75-A762041279C6}.Debug|Any CPU.Build.0 = Debug|Any CPU
		{CF33FBE3-5B4C-4E5E-BC75-A762041279C6}.Release|Any CPU.ActiveCfg = Release|Any CPU
		{CF33FBE3-5B4C-4E5E-BC75-A762041279C6}.Release|Any CPU.Build.0 = Release|Any CPU
		{EA91F57B-7D2B-41BB-916A-90115A8D523F}.Debug|Any CPU.ActiveCfg = Debug|Any CPU
		{EA91F57B-7D2B-41BB-916A-90115A8D523F}.Debug|Any CPU.Build.0 = Debug|Any CPU
		{EA91F57B-7D2B-41BB-916A-90115A8D523F}.Release|Any CPU.ActiveCfg = Release|Any CPU
		{EA91F57B-7D2B-41BB-916A-90115A8D523F}.Release|Any CPU.Build.0 = Release|Any CPU
		{4788F13C-B2BC-4E19-AA52-2361D3F22B13}.Debug|Any CPU.ActiveCfg = Debug|Any CPU
		{4788F13C-B2BC-4E19-AA52-2361D3F22B13}.Debug|Any CPU.Build.0 = Debug|Any CPU
		{4788F13C-B2BC-4E19-AA52-2361D3F22B13}.Release|Any CPU.ActiveCfg = Release|Any CPU
		{4788F13C-B2BC-4E19-AA52-2361D3F22B13}.Release|Any CPU.Build.0 = Release|Any CPU
		{50B9AE1F-5825-49F5-8DC0-1A10FE87DDA1}.Debug|Any CPU.ActiveCfg = Debug|Any CPU
		{50B9AE1F-5825-49F5-8DC0-1A10FE87DDA1}.Debug|Any CPU.Build.0 = Debug|Any CPU
		{50B9AE1F-5825-49F5-8DC0-1A10FE87DDA1}.Release|Any CPU.ActiveCfg = Release|Any CPU
		{50B9AE1F-5825-49F5-8DC0-1A10FE87DDA1}.Release|Any CPU.Build.0 = Release|Any CPU
	EndGlobalSection
	GlobalSection(SolutionProperties) = preSolution
		HideSolutionNode = FALSE
	EndGlobalSection
	GlobalSection(NestedProjects) = preSolution
		{F572D795-1963-4906-AEA6-7199B5581517} = {76DEDB61-B38A-42D6-BFD4-9F1418CDABBA}
		{41A64AAD-EA58-48B5-AF3D-608CD11B14EF} = {76DEDB61-B38A-42D6-BFD4-9F1418CDABBA}
		{3441D01F-2D76-43FF-A8FB-95706391A3E2} = {76DEDB61-B38A-42D6-BFD4-9F1418CDABBA}
		{FB3B8F8A-A89D-4D68-B623-578D55B72BE5} = {9FEC17D0-4A1B-4B1B-BA20-A0505A6939F1}
		{B82BD5D6-944E-4C59-BCD4-35494171F14D} = {9FEC17D0-4A1B-4B1B-BA20-A0505A6939F1}
		{376C1981-5C99-4AFD-8AB4-23185FA29F75} = {9FEC17D0-4A1B-4B1B-BA20-A0505A6939F1}
		{6256B441-AD19-4CBA-AC08-290130C8BF39} = {D19FE28C-B601-485C-A5ED-A66AA25C3341}
		{98D476FE-8D2B-4AF1-A1F7-F61B6878EF8B} = {D19FE28C-B601-485C-A5ED-A66AA25C3341}
		{097D15DD-039A-47F1-8224-AE8700E82D1B} = {D19FE28C-B601-485C-A5ED-A66AA25C3341}
		{AB37F444-82DB-4222-9A80-4AB68C660C85} = {E41A184E-75CB-4DF0-ABCD-8774CFBDF9E3}
		{D34BAEF4-EEAE-4BC5-BA4D-4E69C0B891A0} = {E41A184E-75CB-4DF0-ABCD-8774CFBDF9E3}
		{CF33FBE3-5B4C-4E5E-BC75-A762041279C6} = {E41A184E-75CB-4DF0-ABCD-8774CFBDF9E3}
		{EA91F57B-7D2B-41BB-916A-90115A8D523F} = {A9781EEE-B26A-4F8B-B37D-AA3D63BCCCCF}
		{4788F13C-B2BC-4E19-AA52-2361D3F22B13} = {A9781EEE-B26A-4F8B-B37D-AA3D63BCCCCF}
		{50B9AE1F-5825-49F5-8DC0-1A10FE87DDA1} = {A9781EEE-B26A-4F8B-B37D-AA3D63BCCCCF}
	EndGlobalSection
	GlobalSection(ExtensibilityGlobals) = postSolution
		SolutionGuid = {04F76BBE-71D8-4F3E-B46E-D46A8E4712E7}
	EndGlobalSection
EndGlobal
