
Microsoft Visual Studio Solution File, Format Version 12.00
# Visual Studio Version 17
VisualStudioVersion = 17.11.35303.130
MinimumVisualStudioVersion = 10.0.40219.1
Project("{2150E333-8FDC-42A3-9474-1A3956D46DE8}") = "Task0", "Task0", "{76DEDB61-B38A-42D6-BFD4-9F1418CDABBA}"
EndProject
Project("{9A19103F-16F7-4668-BE54-9A1E7A4F7556}") = "Tyuiu.FrankoVA.Sprint1.Task0.V7", "Tyuiu.FrankoVA.Sprint1.Task0.V7\Tyuiu.FrankoVA.Sprint1.Task0.V7.csproj", "{F572D795-1963-4906-AEA6-7199B5581517}"
EndProject
Project("{9A19103F-16F7-4668-BE54-9A1E7A4F7556}") = "Tyuiu.FrankoVA.Sprint1.Task0.V7.Lib", "Tyuiu.FrankoVA.Sprint1.Task0.V7.Lib\Tyuiu.FrankoVA.Sprint1.Task0.V7.Lib.csproj", "{41A64AAD-EA58-48B5-AF3D-608CD11B14EF}"
EndProject
Project("{9A19103F-16F7-4668-BE54-9A1E7A4F7556}") = "Tyuiu.FrankoVA.Sprint1.Task0.V7.Test", "Tyuiu.FrankoVA.Sprint1.Task0.V7.Test\Tyuiu.FrankoVA.Sprint1.Task0.V7.Test.csproj", "{3441D01F-2D76-43FF-A8FB-95706391A3E2}"
EndProject
Project("{2150E333-8FDC-42A3-9474-1A3956D46DE8}") = "Task1", "Task1", "{9FEC17D0-4A1B-4B1B-BA20-A0505A6939F1}"
EndProject
Project("{FAE04EC0-301F-11D3-BF4B-00C04F79EFBC}") = "Tyuiu.FrankoVA.Sprint1.Task1.V3", "Tyuiu.FrankoVA.Sprint1.Task1.V3\Tyuiu.FrankoVA.Sprint1.Task1.V3.csproj", "{FB3B8F8A-A89D-4D68-B623-578D55B72BE5}"
EndProject
Project("{FAE04EC0-301F-11D3-BF4B-00C04F79EFBC}") = "Tyuiu.FrankoVA.Sprint1.Task1.V3.Lib", "Tyuiu.FrankoVA.Sprint1.Task1.V3.Lib\Tyuiu.FrankoVA.Sprint1.Task1.V3.Lib.csproj", "{B82BD5D6-944E-4C59-BCD4-35494171F14D}"
EndProject
Project("{FAE04EC0-301F-11D3-BF4B-00C04F79EFBC}") = "Tyuiu.FrankoVA.Sprint1.Task1.V3.Test", "Tyuiu.FrankoVA.Sprint1.Task1.V3.Test\Tyuiu.FrankoVA.Sprint1.Task1.V3.Test.csproj", "{376C1981-5C99-4AFD-8AB4-23185FA29F75}"
EndProject
Global
	GlobalSection(SolutionConfigurationPlatforms) = preSolution
		Debug|Any CPU = Debug|Any CPU
		Release|Any CPU = Release|Any CPU
	EndGlobalSection
	GlobalSection(ProjectConfigurationPlatforms) = postSolution
		{F572D795-1963-4906-AEA6-7199B5581517}.Debug|Any CPU.ActiveCfg = Debug|Any CPU
		{F572D795-1963-4906-AEA6-7199B5581517}.Debug|Any CPU.Build.0 = Debug|Any CPU
		{F572D795-1963-4906-AEA6-7199B5581517}.Release|Any CPU.ActiveCfg = Release|Any CPU
		{F572D795-1963-4906-AEA6-7199B5581517}.Release|Any CPU.Build.0 = Release|Any CPU
		{41A64AAD-EA58-48B5-AF3D-608CD11B14EF}.Debug|Any CPU.ActiveCfg = Debug|Any CPU
		{41A64AAD-EA58-48B5-AF3D-608CD11B14EF}.Debug|Any CPU.Build.0 = Debug|Any CPU
		{41A64AAD-EA58-48B5-AF3D-608CD11B14EF}.Release|Any CPU.ActiveCfg = Release|Any CPU
		{41A64AAD-EA58-48B5-AF3D-608CD11B14EF}.Release|Any CPU.Build.0 = Release|Any CPU
		{3441D01F-2D76-43FF-A8FB-95706391A3E2}.Debug|Any CPU.ActiveCfg = Debug|Any CPU
		{3441D01F-2D76-43FF-A8FB-95706391A3E2}.Debug|Any CPU.Build.0 = Debug|Any CPU
		{3441D01F-2D76-43FF-A8FB-95706391A3E2}.Release|Any CPU.ActiveCfg = Release|Any CPU
		{3441D01F-2D76-43FF-A8FB-95706391A3E2}.Release|Any CPU.Build.0 = Release|Any CPU
		{FB3B8F8A-A89D-4D68-B623-578D55B72BE5}.Debug|Any CPU.ActiveCfg = Debug|Any CPU
		{FB3B8F8A-A89D-4D68-B623-578D55B72BE5}.Debug|Any CPU.Build.0 = Debug|Any CPU
		{FB3B8F8A-A89D-4D68-B623-578D55B72BE5}.Release|Any CPU.ActiveCfg = Release|Any CPU
		{FB3B8F8A-A89D-4D68-B623-578D55B72BE5}.Release|Any CPU.Build.0 = Release|Any CPU
		{B82BD5D6-944E-4C59-BCD4-35494171F14D}.Debug|Any CPU.ActiveCfg = Debug|Any CPU
		{B82BD5D6-944E-4C59-BCD4-35494171F14D}.Debug|Any CPU.Build.0 = Debug|Any CPU
		{B82BD5D6-944E-4C59-BCD4-35494171F14D}.Release|Any CPU.ActiveCfg = Release|Any CPU
		{B82BD5D6-944E-4C59-BCD4-35494171F14D}.Release|Any CPU.Build.0 = Release|Any CPU
		{376C1981-5C99-4AFD-8AB4-23185FA29F75}.Debug|Any CPU.ActiveCfg = Debug|Any CPU
		{376C1981-5C99-4AFD-8AB4-23185FA29F75}.Debug|Any CPU.Build.0 = Debug|Any CPU
		{376C1981-5C99-4AFD-8AB4-23185FA29F75}.Release|Any CPU.ActiveCfg = Release|Any CPU
		{376C1981-5C99-4AFD-8AB4-23185FA29F75}.Release|Any CPU.Build.0 = Release|Any CPU
	EndGlobalSection
	GlobalSection(SolutionProperties) = preSolution
		HideSolutionNode = FALSE
	EndGlobalSection
	GlobalSection(NestedProjects) = preSolution
		{F572D795-1963-4906-AEA6-7199B5581517} = {76DEDB61-B38A-42D6-BFD4-9F1418CDABBA}
		{41A64AAD-EA58-48B5-AF3D-608CD11B14EF} = {76DEDB61-B38A-42D6-BFD4-9F1418CDABBA}
		{3441D01F-2D76-43FF-A8FB-95706391A3E2} = {76DEDB61-B38A-42D6-BFD4-9F1418CDABBA}
		{FB3B8F8A-A89D-4D68-B623-578D55B72BE5} = {9FEC17D0-4A1B-4B1B-BA20-A0505A6939F1}
		{B82BD5D6-944E-4C59-BCD4-35494171F14D} = {9FEC17D0-4A1B-4B1B-BA20-A0505A6939F1}
		{376C1981-5C99-4AFD-8AB4-23185FA29F75} = {9FEC17D0-4A1B-4B1B-BA20-A0505A6939F1}
	EndGlobalSection
	GlobalSection(ExtensibilityGlobals) = postSolution
		SolutionGuid = {04F76BBE-71D8-4F3E-B46E-D46A8E4712E7}
	EndGlobalSection
EndGlobal
